// !$*UTF8*$!
{
	archiveVersion = 1;
	classes = {
	};
	objectVersion = 77;
	objects = {

/* Begin PBXBuildFile section */
		C47094FB2E22D52400076C10 /* FirebaseAuth in Frameworks */ = {isa = PBXBuildFile; productRef = C47094FA2E22D52400076C10 /* FirebaseAuth */; };
		C47094FD2E22D52400076C10 /* FirebaseCore in Frameworks */ = {isa = PBXBuildFile; productRef = C47094FC2E22D52400076C10 /* FirebaseCore */; };
		C47094FF2E22D52400076C10 /* FirebaseFirestore in Frameworks */ = {isa = PBXBuildFile; productRef = C47094FE2E22D52400076C10 /* FirebaseFirestore */; };
		C47095342E22FA8800076C10 /* FirebaseFirestoreCombine-Community in Frameworks */ = {isa = PBXBuildFile; productRef = C47095332E22FA8800076C10 /* FirebaseFirestoreCombine-Community */; };
/* End PBXBuildFile section */

/* Begin PBXContainerItemProxy section */
		C47094B82E22CAE600076C10 /* PBXContainerItemProxy */ = {
			isa = PBXContainerItemProxy;
			containerPortal = C470949F2E22CAE300076C10 /* Project object */;
			proxyType = 1;
			remoteGlobalIDString = C47094A62E22CAE300076C10;
			remoteInfo = CETIAssistApp;
		};
		C47094C22E22CAE600076C10 /* PBXContainerItemProxy */ = {
			isa = PBXContainerItemProxy;
			containerPortal = C470949F2E22CAE300076C10 /* Project object */;
			proxyType = 1;
			remoteGlobalIDString = C47094A62E22CAE300076C10;
			remoteInfo = CETIAssistApp;
		};
/* End PBXContainerItemProxy section */

/* Begin PBXFileReference section */
		C47094A72E22CAE300076C10 /* CETIAssistApp.app */ = {isa = PBXFileReference; explicitFileType = wrapper.application; includeInIndex = 0; path = CETIAssistApp.app; sourceTree = BUILT_PRODUCTS_DIR; };
		C47094B72E22CAE600076C10 /* CETIAssistAppTests.xctest */ = {isa = PBXFileReference; explicitFileType = wrapper.cfbundle; includeInIndex = 0; path = CETIAssistAppTests.xctest; sourceTree = BUILT_PRODUCTS_DIR; };
		C47094C12E22CAE600076C10 /* CETIAssistAppUITests.xctest */ = {isa = PBXFileReference; explicitFileType = wrapper.cfbundle; includeInIndex = 0; path = CETIAssistAppUITests.xctest; sourceTree = BUILT_PRODUCTS_DIR; };
/* End PBXFileReference section */

/* Begin PBXFileSystemSynchronizedBuildFileExceptionSet section */
		C47095232E22D70B00076C10 /* Exceptions for "CETIAssistApp" folder in "CETIAssistApp" target */ = {
			isa = PBXFileSystemSynchronizedBuildFileExceptionSet;
			membershipExceptions = (
				FirebaseBackend/firestore.rules,
			);
			target = C47094A62E22CAE300076C10 /* CETIAssistApp */;
		};
/* End PBXFileSystemSynchronizedBuildFileExceptionSet section */

/* Begin PBXFileSystemSynchronizedGroupBuildPhaseMembershipExceptionSet section */
		C47095242E22D70B00076C10 /* Exceptions for "CETIAssistApp" folder in "Compile Sources" phase from "CETIAssistApp" target */ = {
			isa = PBXFileSystemSynchronizedGroupBuildPhaseMembershipExceptionSet;
			buildPhase = C47094A32E22CAE300076C10 /* Sources */;
			membershipExceptions = (
				FirebaseBackend/firestore.rules,
			);
		};
/* End PBXFileSystemSynchronizedGroupBuildPhaseMembershipExceptionSet section */

/* Begin PBXFileSystemSynchronizedRootGroup section */
		C47094A92E22CAE300076C10 /* CETIAssistApp */ = {
			isa = PBXFileSystemSynchronizedRootGroup;
			exceptions = (
				C47095232E22D70B00076C10 /* Exceptions for "CETIAssistApp" folder in "CETIAssistApp" target */,
				C47095242E22D70B00076C10 /* Exceptions for "CETIAssistApp" folder in "Compile Sources" phase from "CETIAssistApp" target */,
			);
			path = CETIAssistApp;
			sourceTree = "<group>";
		};
		C47094BA2E22CAE600076C10 /* CETIAssistAppTests */ = {
			isa = PBXFileSystemSynchronizedRootGroup;
			path = CETIAssistAppTests;
			sourceTree = "<group>";
		};
		C47094C42E22CAE600076C10 /* CETIAssistAppUITests */ = {
			isa = PBXFileSystemSynchronizedRootGroup;
			path = CETIAssistAppUITests;
			sourceTree = "<group>";
		};
/* End PBXFileSystemSynchronizedRootGroup section */

/* Begin PBXFrameworksBuildPhase section */
		C47094A42E22CAE300076C10 /* Frameworks */ = {
			isa = PBXFrameworksBuildPhase;
			buildActionMask = 2147483647;
			files = (
				C47094FD2E22D52400076C10 /* FirebaseCore in Frameworks */,
				C47095342E22FA8800076C10 /* FirebaseFirestoreCombine-Community in Frameworks */,
				C47094FB2E22D52400076C10 /* FirebaseAuth in Frameworks */,
				C47094FF2E22D52400076C10 /* FirebaseFirestore in Frameworks */,
			);
			runOnlyForDeploymentPostprocessing = 0;
		};
		C47094B42E22CAE600076C10 /* Frameworks */ = {
			isa = PBXFrameworksBuildPhase;
			buildActionMask = 2147483647;
			files = (
			);
			runOnlyForDeploymentPostprocessing = 0;
		};
		C47094BE2E22CAE600076C10 /* Frameworks */ = {
			isa = PBXFrameworksBuildPhase;
			buildActionMask = 2147483647;
			files = (
			);
			runOnlyForDeploymentPostprocessing = 0;
		};
/* End PBXFrameworksBuildPhase section */

/* Begin PBXGroup section */
		C470949E2E22CAE300076C10 = {
			isa = PBXGroup;
			children = (
				C47094A92E22CAE300076C10 /* CETIAssistApp */,
				C47094BA2E22CAE600076C10 /* CETIAssistAppTests */,
				C47094C42E22CAE600076C10 /* CETIAssistAppUITests */,
				C47094A82E22CAE300076C10 /* Products */,
			);
			sourceTree = "<group>";
		};
		C47094A82E22CAE300076C10 /* Products */ = {
			isa = PBXGroup;
			children = (
				C47094A72E22CAE300076C10 /* CETIAssistApp.app */,
				C47094B72E22CAE600076C10 /* CETIAssistAppTests.xctest */,
				C47094C12E22CAE600076C10 /* CETIAssistAppUITests.xctest */,
			);
			name = Products;
			sourceTree = "<group>";
		};
/* End PBXGroup section */

/* Begin PBXNativeTarget section */
		C47094A62E22CAE300076C10 /* CETIAssistApp */ = {
			isa = PBXNativeTarget;
			buildConfigurationList = C47094CB2E22CAE600076C10 /* Build configuration list for PBXNativeTarget "CETIAssistApp" */;
			buildPhases = (
				C47094A32E22CAE300076C10 /* Sources */,
				C47094A42E22CAE300076C10 /* Frameworks */,
				C47094A52E22CAE300076C10 /* Resources */,
			);
			buildRules = (
			);
			dependencies = (
			);
			fileSystemSynchronizedGroups = (
				C47094A92E22CAE300076C10 /* CETIAssistApp */,
			);
			name = CETIAssistApp;
			packageProductDependencies = (
				C47094FA2E22D52400076C10 /* FirebaseAuth */,
				C47094FC2E22D52400076C10 /* FirebaseCore */,
				C47094FE2E22D52400076C10 /* FirebaseFirestore */,
				C47095332E22FA8800076C10 /* FirebaseFirestoreCombine-Community */,
			);
			productName = CETIAssistApp;
			productReference = C47094A72E22CAE300076C10 /* CETIAssistApp.app */;
			productType = "com.apple.product-type.application";
		};
		C47094B62E22CAE600076C10 /* CETIAssistAppTests */ = {
			isa = PBXNativeTarget;
			buildConfigurationList = C47094CE2E22CAE600076C10 /* Build configuration list for PBXNativeTarget "CETIAssistAppTests" */;
			buildPhases = (
				C47094B32E22CAE600076C10 /* Sources */,
				C47094B42E22CAE600076C10 /* Frameworks */,
				C47094B52E22CAE600076C10 /* Resources */,
			);
			buildRules = (
			);
			dependencies = (
				C47094B92E22CAE600076C10 /* PBXTargetDependency */,
			);
			fileSystemSynchronizedGroups = (
				C47094BA2E22CAE600076C10 /* CETIAssistAppTests */,
			);
			name = CETIAssistAppTests;
			packageProductDependencies = (
			);
			productName = CETIAssistAppTests;
			productReference = C47094B72E22CAE600076C10 /* CETIAssistAppTests.xctest */;
			productType = "com.apple.product-type.bundle.unit-test";
		};
		C47094C02E22CAE600076C10 /* CETIAssistAppUITests */ = {
			isa = PBXNativeTarget;
			buildConfigurationList = C47094D12E22CAE600076C10 /* Build configuration list for PBXNativeTarget "CETIAssistAppUITests" */;
			buildPhases = (
				C47094BD2E22CAE600076C10 /* Sources */,
				C47094BE2E22CAE600076C10 /* Frameworks */,
				C47094BF2E22CAE600076C10 /* Resources */,
			);
			buildRules = (
			);
			dependencies = (
				C47094C32E22CAE600076C10 /* PBXTargetDependency */,
			);
			fileSystemSynchronizedGroups = (
				C47094C42E22CAE600076C10 /* CETIAssistAppUITests */,
			);
			name = CETIAssistAppUITests;
			packageProductDependencies = (
			);
			productName = CETIAssistAppUITests;
			productReference = C47094C12E22CAE600076C10 /* CETIAssistAppUITests.xctest */;
			productType = "com.apple.product-type.bundle.ui-testing";
		};
/* End PBXNativeTarget section */

/* Begin PBXProject section */
		C470949F2E22CAE300076C10 /* Project object */ = {
			isa = PBXProject;
			attributes = {
				BuildIndependentTargetsInParallel = 1;
				LastSwiftUpdateCheck = 1620;
				LastUpgradeCheck = 1620;
				TargetAttributes = {
					C47094A62E22CAE300076C10 = {
						CreatedOnToolsVersion = 16.2;
					};
					C47094B62E22CAE600076C10 = {
						CreatedOnToolsVersion = 16.2;
						TestTargetID = C47094A62E22CAE300076C10;
					};
					C47094C02E22CAE600076C10 = {
						CreatedOnToolsVersion = 16.2;
						TestTargetID = C47094A62E22CAE300076C10;
					};
				};
			};
			buildConfigurationList = C47094A22E22CAE300076C10 /* Build configuration list for PBXProject "CETIAssistApp" */;
			developmentRegion = en;
			hasScannedForEncodings = 0;
			knownRegions = (
				en,
				Base,
			);
			mainGroup = C470949E2E22CAE300076C10;
			minimizedProjectReferenceProxies = 1;
			packageReferences = (
				C47094F92E22D52400076C10 /* XCRemoteSwiftPackageReference "firebase-ios-sdk" */,
			);
			preferredProjectObjectVersion = 77;
			productRefGroup = C47094A82E22CAE300076C10 /* Products */;
			projectDirPath = "";
			projectRoot = "";
			targets = (
				C47094A62E22CAE300076C10 /* CETIAssistApp */,
				C47094B62E22CAE600076C10 /* CETIAssistAppTests */,
				C47094C02E22CAE600076C10 /* CETIAssistAppUITests */,
			);
		};
/* End PBXProject section */

/* Begin PBXResourcesBuildPhase section */
		C47094A52E22CAE300076C10 /* Resources */ = {
			isa = PBXResourcesBuildPhase;
			buildActionMask = 2147483647;
			files = (
			);
			runOnlyForDeploymentPostprocessing = 0;
		};
		C47094B52E22CAE600076C10 /* Resources */ = {
			isa = PBXResourcesBuildPhase;
			buildActionMask = 2147483647;
			files = (
			);
			runOnlyForDeploymentPostprocessing = 0;
		};
		C47094BF2E22CAE600076C10 /* Resources */ = {
			isa = PBXResourcesBuildPhase;
			buildActionMask = 2147483647;
			files = (
			);
			runOnlyForDeploymentPostprocessing = 0;
		};
/* End PBXResourcesBuildPhase section */

/* Begin PBXSourcesBuildPhase section */
		C47094A32E22CAE300076C10 /* Sources */ = {
			isa = PBXSourcesBuildPhase;
			buildActionMask = 2147483647;
			files = (
			);
			runOnlyForDeploymentPostprocessing = 0;
		};
		C47094B32E22CAE600076C10 /* Sources */ = {
			isa = PBXSourcesBuildPhase;
			buildActionMask = 2147483647;
			files = (
			);
			runOnlyForDeploymentPostprocessing = 0;
		};
		C47094BD2E22CAE600076C10 /* Sources */ = {
			isa = PBXSourcesBuildPhase;
			buildActionMask = 2147483647;
			files = (
			);
			runOnlyForDeploymentPostprocessing = 0;
		};
/* End PBXSourcesBuildPhase section */

/* Begin PBXTargetDependency section */
		C47094B92E22CAE600076C10 /* PBXTargetDependency */ = {
			isa = PBXTargetDependency;
			target = C47094A62E22CAE300076C10 /* CETIAssistApp */;
			targetProxy = C47094B82E22CAE600076C10 /* PBXContainerItemProxy */;
		};
		C47094C32E22CAE600076C10 /* PBXTargetDependency */ = {
			isa = PBXTargetDependency;
			target = C47094A62E22CAE300076C10 /* CETIAssistApp */;
			targetProxy = C47094C22E22CAE600076C10 /* PBXContainerItemProxy */;
		};
/* End PBXTargetDependency section */

/* Begin XCBuildConfiguration section */
		C47094C92E22CAE600076C10 /* Debug */ = {
			isa = XCBuildConfiguration;
			buildSettings = {
				ALWAYS_SEARCH_USER_PATHS = NO;
				ASSETCATALOG_COMPILER_GENERATE_SWIFT_ASSET_SYMBOL_EXTENSIONS = YES;
				CLANG_ANALYZER_NONNULL = YES;
				CLANG_ANALYZER_NUMBER_OBJECT_CONVERSION = YES_AGGRESSIVE;
				CLANG_CXX_LANGUAGE_STANDARD = "gnu++20";
				CLANG_ENABLE_MODULES = YES;
				CLANG_ENABLE_OBJC_ARC = YES;
				CLANG_ENABLE_OBJC_WEAK = YES;
				CLANG_WARN_BLOCK_CAPTURE_AUTORELEASING = YES;
				CLANG_WARN_BOOL_CONVERSION = YES;
				CLANG_WARN_COMMA = YES;
				CLANG_WARN_CONSTANT_CONVERSION = YES;
				CLANG_WARN_DEPRECATED_OBJC_IMPLEMENTATIONS = YES;
				CLANG_WARN_DIRECT_OBJC_ISA_USAGE = YES_ERROR;
				CLANG_WARN_DOCUMENTATION_COMMENTS = YES;
				CLANG_WARN_EMPTY_BODY = YES;
				CLANG_WARN_ENUM_CONVERSION = YES;
				CLANG_WARN_INFINITE_RECURSION = YES;
				CLANG_WARN_INT_CONVERSION = YES;
				CLANG_WARN_NON_LITERAL_NULL_CONVERSION = YES;
				CLANG_WARN_OBJC_IMPLICIT_RETAIN_SELF = YES;
				CLANG_WARN_OBJC_LITERAL_CONVERSION = YES;
				CLANG_WARN_OBJC_ROOT_CLASS = YES_ERROR;
				CLANG_WARN_QUOTED_INCLUDE_IN_FRAMEWORK_HEADER = YES;
				CLANG_WARN_RANGE_LOOP_ANALYSIS = YES;
				CLANG_WARN_STRICT_PROTOTYPES = YES;
				CLANG_WARN_SUSPICIOUS_MOVE = YES;
				CLANG_WARN_UNGUARDED_AVAILABILITY = YES_AGGRESSIVE;
				CLANG_WARN_UNREACHABLE_CODE = YES;
				CLANG_WARN__DUPLICATE_METHOD_MATCH = YES;
				COPY_PHASE_STRIP = NO;
				DEBUG_INFORMATION_FORMAT = dwarf;
				ENABLE_STRICT_OBJC_MSGSEND = YES;
				ENABLE_TESTABILITY = YES;
				ENABLE_USER_SCRIPT_SANDBOXING = YES;
				GCC_C_LANGUAGE_STANDARD = gnu17;
				GCC_DYNAMIC_NO_PIC = NO;
				GCC_NO_COMMON_BLOCKS = YES;
				GCC_OPTIMIZATION_LEVEL = 0;
				GCC_PREPROCESSOR_DEFINITIONS = (
					"DEBUG=1",
					"$(inherited)",
				);
				GCC_WARN_64_TO_32_BIT_CONVERSION = YES;
				GCC_WARN_ABOUT_RETURN_TYPE = YES_ERROR;
				GCC_WARN_UNDECLARED_SELECTOR = YES;
				GCC_WARN_UNINITIALIZED_AUTOS = YES_AGGRESSIVE;
				GCC_WARN_UNUSED_FUNCTION = YES;
				GCC_WARN_UNUSED_VARIABLE = YES;
				IPHONEOS_DEPLOYMENT_TARGET = 18.2;
				LOCALIZATION_PREFERS_STRING_CATALOGS = YES;
				MTL_ENABLE_DEBUG_INFO = INCLUDE_SOURCE;
				MTL_FAST_MATH = YES;
				ONLY_ACTIVE_ARCH = YES;
				SDKROOT = iphoneos;
				SWIFT_ACTIVE_COMPILATION_CONDITIONS = "DEBUG $(inherited)";
				SWIFT_OPTIMIZATION_LEVEL = "-Onone";
			};
			name = Debug;
		};
		C47094CA2E22CAE600076C10 /* Release */ = {
			isa = XCBuildConfiguration;
			buildSettings = {
				ALWAYS_SEARCH_USER_PATHS = NO;
				ASSETCATALOG_COMPILER_GENERATE_SWIFT_ASSET_SYMBOL_EXTENSIONS = YES;
				CLANG_ANALYZER_NONNULL = YES;
				CLANG_ANALYZER_NUMBER_OBJECT_CONVERSION = YES_AGGRESSIVE;
				CLANG_CXX_LANGUAGE_STANDARD = "gnu++20";
				CLANG_ENABLE_MODULES = YES;
				CLANG_ENABLE_OBJC_ARC = YES;
				CLANG_ENABLE_OBJC_WEAK = YES;
				CLANG_WARN_BLOCK_CAPTURE_AUTORELEASING = YES;
				CLANG_WARN_BOOL_CONVERSION = YES;
				CLANG_WARN_COMMA = YES;
				CLANG_WARN_CONSTANT_CONVERSION = YES;
				CLANG_WARN_DEPRECATED_OBJC_IMPLEMENTATIONS = YES;
				CLANG_WARN_DIRECT_OBJC_ISA_USAGE = YES_ERROR;
				CLANG_WARN_DOCUMENTATION_COMMENTS = YES;
				CLANG_WARN_EMPTY_BODY = YES;
				CLANG_WARN_ENUM_CONVERSION = YES;
				CLANG_WARN_INFINITE_RECURSION = YES;
				CLANG_WARN_INT_CONVERSION = YES;
				CLANG_WARN_NON_LITERAL_NULL_CONVERSION = YES;
				CLANG_WARN_OBJC_IMPLICIT_RETAIN_SELF = YES;
				CLANG_WARN_OBJC_LITERAL_CONVERSION = YES;
				CLANG_WARN_OBJC_ROOT_CLASS = YES_ERROR;
				CLANG_WARN_QUOTED_INCLUDE_IN_FRAMEWORK_HEADER = YES;
				CLANG_WARN_RANGE_LOOP_ANALYSIS = YES;
				CLANG_WARN_STRICT_PROTOTYPES = YES;
				CLANG_WARN_SUSPICIOUS_MOVE = YES;
				CLANG_WARN_UNGUARDED_AVAILABILITY = YES_AGGRESSIVE;
				CLANG_WARN_UNREACHABLE_CODE = YES;
				CLANG_WARN__DUPLICATE_METHOD_MATCH = YES;
				COPY_PHASE_STRIP = NO;
				DEBUG_INFORMATION_FORMAT = "dwarf-with-dsym";
				ENABLE_NS_ASSERTIONS = NO;
				ENABLE_STRICT_OBJC_MSGSEND = YES;
				ENABLE_USER_SCRIPT_SANDBOXING = YES;
				GCC_C_LANGUAGE_STANDARD = gnu17;
				GCC_NO_COMMON_BLOCKS = YES;
				GCC_WARN_64_TO_32_BIT_CONVERSION = YES;
				GCC_WARN_ABOUT_RETURN_TYPE = YES_ERROR;
				GCC_WARN_UNDECLARED_SELECTOR = YES;
				GCC_WARN_UNINITIALIZED_AUTOS = YES_AGGRESSIVE;
				GCC_WARN_UNUSED_FUNCTION = YES;
				GCC_WARN_UNUSED_VARIABLE = YES;
				IPHONEOS_DEPLOYMENT_TARGET = 18.2;
				LOCALIZATION_PREFERS_STRING_CATALOGS = YES;
				MTL_ENABLE_DEBUG_INFO = NO;
				MTL_FAST_MATH = YES;
				SDKROOT = iphoneos;
				SWIFT_COMPILATION_MODE = wholemodule;
				VALIDATE_PRODUCT = YES;
			};
			name = Release;
		};
		C47094CC2E22CAE600076C10 /* Debug */ = {
			isa = XCBuildConfiguration;
			buildSettings = {
				ASSETCATALOG_COMPILER_APPICON_NAME = AppIcon;
				ASSETCATALOG_COMPILER_GLOBAL_ACCENT_COLOR_NAME = AccentColor;
				CODE_SIGN_STYLE = Automatic;
				CURRENT_PROJECT_VERSION = 1;
				DEVELOPMENT_ASSET_PATHS = "\"CETIAssistApp/Preview Content\"";
				DEVELOPMENT_TEAM = 5PYJKYYVHG;
				ENABLE_PREVIEWS = YES;
				GENERATE_INFOPLIST_FILE = YES;
				INFOPLIST_KEY_UIApplicationSceneManifest_Generation = YES;
				INFOPLIST_KEY_UIApplicationSupportsIndirectInputEvents = YES;
				INFOPLIST_KEY_UILaunchScreen_Generation = YES;
				INFOPLIST_KEY_UISupportedInterfaceOrientations_iPad = "UIInterfaceOrientationPortrait UIInterfaceOrientationPortraitUpsideDown UIInterfaceOrientationLandscapeLeft UIInterfaceOrientationLandscapeRight";
				INFOPLIST_KEY_UISupportedInterfaceOrientations_iPhone = "UIInterfaceOrientationPortrait UIInterfaceOrientationLandscapeLeft UIInterfaceOrientationLandscapeRight";
				LD_RUNPATH_SEARCH_PATHS = (
					"$(inherited)",
					"@executable_path/Frameworks",
				);
				MARKETING_VERSION = 1.0;
				PRODUCT_BUNDLE_IDENTIFIER = com.ceti.CETIAssistApp;
				PRODUCT_NAME = "$(TARGET_NAME)";
				SWIFT_EMIT_LOC_STRINGS = YES;
				SWIFT_VERSION = 5.0;
				TARGETED_DEVICE_FAMILY = "1,2";
			};
			name = Debug;
		};
		C47094CD2E22CAE600076C10 /* Release */ = {
			isa = XCBuildConfiguration;
			buildSettings = {
				ASSETCATALOG_COMPILER_APPICON_NAME = AppIcon;
				ASSETCATALOG_COMPILER_GLOBAL_ACCENT_COLOR_NAME = AccentColor;
				CODE_SIGN_STYLE = Automatic;
				CURRENT_PROJECT_VERSION = 1;
				DEVELOPMENT_ASSET_PATHS = "\"CETIAssistApp/Preview Content\"";
				DEVELOPMENT_TEAM = 5PYJKYYVHG;
				ENABLE_PREVIEWS = YES;
				GENERATE_INFOPLIST_FILE = YES;
				INFOPLIST_KEY_UIApplicationSceneManifest_Generation = YES;
				INFOPLIST_KEY_UIApplicationSupportsIndirectInputEvents = YES;
				INFOPLIST_KEY_UILaunchScreen_Generation = YES;
				INFOPLIST_KEY_UISupportedInterfaceOrientations_iPad = "UIInterfaceOrientationPortrait UIInterfaceOrientationPortraitUpsideDown UIInterfaceOrientationLandscapeLeft UIInterfaceOrientationLandscapeRight";
				INFOPLIST_KEY_UISupportedInterfaceOrientations_iPhone = "UIInterfaceOrientationPortrait UIInterfaceOrientationLandscapeLeft UIInterfaceOrientationLandscapeRight";
				LD_RUNPATH_SEARCH_PATHS = (
					"$(inherited)",
					"@executable_path/Frameworks",
				);
				MARKETING_VERSION = 1.0;
				PRODUCT_BUNDLE_IDENTIFIER = com.ceti.CETIAssistApp;
				PRODUCT_NAME = "$(TARGET_NAME)";
				SWIFT_EMIT_LOC_STRINGS = YES;
				SWIFT_VERSION = 5.0;
				TARGETED_DEVICE_FAMILY = "1,2";
			};
			name = Release;
		};
		C47094CF2E22CAE600076C10 /* Debug */ = {
			isa = XCBuildConfiguration;
			buildSettings = {
				BUNDLE_LOADER = "$(TEST_HOST)";
				CODE_SIGN_STYLE = Automatic;
				CURRENT_PROJECT_VERSION = 1;
				DEVELOPMENT_TEAM = 5PYJKYYVHG;
				GENERATE_INFOPLIST_FILE = YES;
				IPHONEOS_DEPLOYMENT_TARGET = 18.2;
				MARKETING_VERSION = 1.0;
				PRODUCT_BUNDLE_IDENTIFIER = Ceti.CETIAssistAppTests;
				PRODUCT_NAME = "$(TARGET_NAME)";
				SWIFT_EMIT_LOC_STRINGS = NO;
				SWIFT_VERSION = 5.0;
				TARGETED_DEVICE_FAMILY = "1,2";
				TEST_HOST = "$(BUILT_PRODUCTS_DIR)/CETIAssistApp.app/$(BUNDLE_EXECUTABLE_FOLDER_PATH)/CETIAssistApp";
			};
			name = Debug;
		};
		C47094D02E22CAE600076C10 /* Release */ = {
			isa = XCBuildConfiguration;
			buildSettings = {
				BUNDLE_LOADER = "$(TEST_HOST)";
				CODE_SIGN_STYLE = Automatic;
				CURRENT_PROJECT_VERSION = 1;
				DEVELOPMENT_TEAM = 5PYJKYYVHG;
				GENERATE_INFOPLIST_FILE = YES;
				IPHONEOS_DEPLOYMENT_TARGET = 18.2;
				MARKETING_VERSION = 1.0;
				PRODUCT_BUNDLE_IDENTIFIER = Ceti.CETIAssistAppTests;
				PRODUCT_NAME = "$(TARGET_NAME)";
				SWIFT_EMIT_LOC_STRINGS = NO;
				SWIFT_VERSION = 5.0;
				TARGETED_DEVICE_FAMILY = "1,2";
				TEST_HOST = "$(BUILT_PRODUCTS_DIR)/CETIAssistApp.app/$(BUNDLE_EXECUTABLE_FOLDER_PATH)/CETIAssistApp";
			};
			name = Release;
		};
		C47094D22E22CAE600076C10 /* Debug */ = {
			isa = XCBuildConfiguration;
			buildSettings = {
				CODE_SIGN_STYLE = Automatic;
				CURRENT_PROJECT_VERSION = 1;
				DEVELOPMENT_TEAM = 5PYJKYYVHG;
				GENERATE_INFOPLIST_FILE = YES;
				MARKETING_VERSION = 1.0;
				PRODUCT_BUNDLE_IDENTIFIER = Ceti.CETIAssistAppUITests;
				PRODUCT_NAME = "$(TARGET_NAME)";
				SWIFT_EMIT_LOC_STRINGS = NO;
				SWIFT_VERSION = 5.0;
				TARGETED_DEVICE_FAMILY = "1,2";
				TEST_TARGET_NAME = CETIAssistApp;
			};
			name = Debug;
		};
		C47094D32E22CAE600076C10 /* Release */ = {
			isa = XCBuildConfiguration;
			buildSettings = {
				CODE_SIGN_STYLE = Automatic;
				CURRENT_PROJECT_VERSION = 1;
				DEVELOPMENT_TEAM = 5PYJKYYVHG;
				GENERATE_INFOPLIST_FILE = YES;
				MARKETING_VERSION = 1.0;
				PRODUCT_BUNDLE_IDENTIFIER = Ceti.CETIAssistAppUITests;
				PRODUCT_NAME = "$(TARGET_NAME)";
				SWIFT_EMIT_LOC_STRINGS = NO;
				SWIFT_VERSION = 5.0;
				TARGETED_DEVICE_FAMILY = "1,2";
				TEST_TARGET_NAME = CETIAssistApp;
			};
			name = Release;
		};
/* End XCBuildConfiguration section */

/* Begin XCConfigurationList section */
		C47094A22E22CAE300076C10 /* Build configuration list for PBXProject "CETIAssistApp" */ = {
			isa = XCConfigurationList;
			buildConfigurations = (
				C47094C92E22CAE600076C10 /* Debug */,
				C47094CA2E22CAE600076C10 /* Release */,
			);
			defaultConfigurationIsVisible = 0;
			defaultConfigurationName = Release;
		};
		C47094CB2E22CAE600076C10 /* Build configuration list for PBXNativeTarget "CETIAssistApp" */ = {
			isa = XCConfigurationList;
			buildConfigurations = (
				C47094CC2E22CAE600076C10 /* Debug */,
				C47094CD2E22CAE600076C10 /* Release */,
			);
			defaultConfigurationIsVisible = 0;
			defaultConfigurationName = Release;
		};
		C47094CE2E22CAE600076C10 /* Build configuration list for PBXNativeTarget "CETIAssistAppTests" */ = {
			isa = XCConfigurationList;
			buildConfigurations = (
				C47094CF2E22CAE600076C10 /* Debug */,
				C47094D02E22CAE600076C10 /* Release */,
			);
			defaultConfigurationIsVisible = 0;
			defaultConfigurationName = Release;
		};
		C47094D12E22CAE600076C10 /* Build configuration list for PBXNativeTarget "CETIAssistAppUITests" */ = {
			isa = XCConfigurationList;
			buildConfigurations = (
				C47094D22E22CAE600076C10 /* Debug */,
				C47094D32E22CAE600076C10 /* Release */,
			);
			defaultConfigurationIsVisible = 0;
			defaultConfigurationName = Release;
		};
/* End XCConfigurationList section */

/* Begin XCRemoteSwiftPackageReference section */
		C47094F92E22D52400076C10 /* XCRemoteSwiftPackageReference "firebase-ios-sdk" */ = {
			isa = XCRemoteSwiftPackageReference;
			repositoryURL = "https://github.com/firebase/firebase-ios-sdk";
			requirement = {
				kind = upToNextMajorVersion;
				minimumVersion = 11.15.0;
			};
		};
/* End XCRemoteSwiftPackageReference section */

/* Begin XCSwiftPackageProductDependency section */
		C47094FA2E22D52400076C10 /* FirebaseAuth */ = {
			isa = XCSwiftPackageProductDependency;
			package = C47094F92E22D52400076C10 /* XCRemoteSwiftPackageReference "firebase-ios-sdk" */;
			productName = FirebaseAuth;
		};
		C47094FC2E22D52400076C10 /* FirebaseCore */ = {
			isa = XCSwiftPackageProductDependency;
			package = C47094F92E22D52400076C10 /* XCRemoteSwiftPackageReference "firebase-ios-sdk" */;
			productName = FirebaseCore;
		};
		C47094FE2E22D52400076C10 /* FirebaseFirestore */ = {
			isa = XCSwiftPackageProductDependency;
			package = C47094F92E22D52400076C10 /* XCRemoteSwiftPackageReference "firebase-ios-sdk" */;
			productName = FirebaseFirestore;
		};
		C47095332E22FA8800076C10 /* FirebaseFirestoreCombine-Community */ = {
			isa = XCSwiftPackageProductDependency;
			package = C47094F92E22D52400076C10 /* XCRemoteSwiftPackageReference "firebase-ios-sdk" */;
			productName = "FirebaseFirestoreCombine-Community";
		};
/* End XCSwiftPackageProductDependency section */
	};
	rootObject = C470949F2E22CAE300076C10 /* Project object */;
}
